
Microsoft Visual Studio Solution File, Format Version 12.00
# Visual Studio Version 16
VisualStudioVersion = 16.0.29209.62
MinimumVisualStudioVersion = 10.0.40219.1
Project("{FAE04EC0-301F-11D3-BF4B-00C04F79EFBC}") = "PANDA", "PANDA\PANDA.csproj", "{44427E52-0109-416A-8F1B-5B550EA70ECA}"
EndProject
Global
	GlobalSection(SolutionConfigurationPlatforms) = preSolution
		Debug|Any CPU = Debug|Any CPU
		Release|Any CPU = Release|Any CPU
	EndGlobalSection
	GlobalSection(ProjectConfigurationPlatforms) = postSolution
		{44427E52-0109-416A-8F1B-5B550EA70ECA}.Debug|Any CPU.ActiveCfg = Debug|Any CPU
		{44427E52-0109-416A-8F1B-5B550EA70ECA}.Debug|Any CPU.Build.0 = Debug|Any CPU
		{44427E52-0109-416A-8F1B-5B550EA70ECA}.Release|Any CPU.ActiveCfg = Release|Any CPU
		{44427E52-0109-416A-8F1B-5B550EA70ECA}.Release|Any CPU.Build.0 = Release|Any CPU
	EndGlobalSection
	GlobalSection(SolutionProperties) = preSolution
		HideSolutionNode = FALSE
	EndGlobalSection
	GlobalSection(ExtensibilityGlobals) = postSolution
		SolutionGuid = {2A8DA713-F0F0-4F68-BCA1-6B6C777B272F}
	EndGlobalSection
EndGlobal
